
Microsoft Visual Studio Solution File, Format Version 12.00
# Visual Studio 15
VisualStudioVersion = 15.0.28010.2026
MinimumVisualStudioVersion = 10.0.40219.1
Project("{FAE04EC0-301F-11D3-BF4B-00C04F79EFBC}") = "Lab7", "Lab7\Lab7.csproj", "{D9BDA465-13CF-4B6B-8D4C-42425D749412}"
EndProject
Global
	GlobalSection(SolutionConfigurationPlatforms) = preSolution
		Debug|Any CPU = Debug|Any CPU
		Release|Any CPU = Release|Any CPU
	EndGlobalSection
	GlobalSection(ProjectConfigurationPlatforms) = postSolution
		{D9BDA465-13CF-4B6B-8D4C-42425D749412}.Debug|Any CPU.ActiveCfg = Debug|Any CPU
		{D9BDA465-13CF-4B6B-8D4C-42425D749412}.Debug|Any CPU.Build.0 = Debug|Any CPU
		{D9BDA465-13CF-4B6B-8D4C-42425D749412}.Release|Any CPU.ActiveCfg = Release|Any CPU
		{D9BDA465-13CF-4B6B-8D4C-42425D749412}.Release|Any CPU.Build.0 = Release|Any CPU
	EndGlobalSection
	GlobalSection(SolutionProperties) = preSolution
		HideSolutionNode = FALSE
	EndGlobalSection
	GlobalSection(ExtensibilityGlobals) = postSolution
		SolutionGuid = {E7C75C24-455B-4DED-9448-6DFA20F91951}
	EndGlobalSection
EndGlobal
